// !$*UTF8*$!
{
	archiveVersion = 1;
	classes = {
	};
	objectVersion = 48;
	objects = {

/* Begin PBXBuildFile section */
		16906F161FAB9C5600A57E77 /* AppDelegate.swift in Sources */ = {isa = PBXBuildFile; fileRef = 16906F151FAB9C5600A57E77 /* AppDelegate.swift */; };
		16906F181FAB9C5600A57E77 /* ViewController.swift in Sources */ = {isa = PBXBuildFile; fileRef = 16906F171FAB9C5600A57E77 /* ViewController.swift */; };
		16906F1B1FAB9C5600A57E77 /* Main.storyboard in Resources */ = {isa = PBXBuildFile; fileRef = 16906F191FAB9C5600A57E77 /* Main.storyboard */; };
		16906F1D1FAB9C5600A57E77 /* Assets.xcassets in Resources */ = {isa = PBXBuildFile; fileRef = 16906F1C1FAB9C5600A57E77 /* Assets.xcassets */; };
		16906F201FAB9C5600A57E77 /* LaunchScreen.storyboard in Resources */ = {isa = PBXBuildFile; fileRef = 16906F1E1FAB9C5600A57E77 /* LaunchScreen.storyboard */; };
		16906F2B1FAB9C5700A57E77 /* Seattle_Streetcar_TrackerTests.swift in Sources */ = {isa = PBXBuildFile; fileRef = 16906F2A1FAB9C5700A57E77 /* Seattle_Streetcar_TrackerTests.swift */; };
		16906F361FAB9C5700A57E77 /* Seattle_Streetcar_TrackerUITests.swift in Sources */ = {isa = PBXBuildFile; fileRef = 16906F351FAB9C5700A57E77 /* Seattle_Streetcar_TrackerUITests.swift */; };
		16906F441FABD7ED00A57E77 /* Streetcar.swift in Sources */ = {isa = PBXBuildFile; fileRef = 16906F431FABD7ED00A57E77 /* Streetcar.swift */; };
		16906F461FABDF6700A57E77 /* Streetcars.swift in Sources */ = {isa = PBXBuildFile; fileRef = 16906F451FABDF6700A57E77 /* Streetcars.swift */; };
		16906F481FACC10F00A57E77 /* Stop.swift in Sources */ = {isa = PBXBuildFile; fileRef = 16906F471FACC10F00A57E77 /* Stop.swift */; };
		16906F491FACC87200A57E77 /* SwiftyJSON.framework in Frameworks */ = {isa = PBXBuildFile; fileRef = 16906F4A1FACC87200A57E77 /* SwiftyJSON.framework */; };
		16AF83531FB0D10100D80710 /* MarkerData.swift in Sources */ = {isa = PBXBuildFile; fileRef = 16AF83521FB0D10100D80710 /* MarkerData.swift */; };
		16ED065C1FB24823005F16BF /* BottomPanelStop.swift in Sources */ = {isa = PBXBuildFile; fileRef = 16ED065B1FB24823005F16BF /* BottomPanelStop.swift */; };
		16ED065E1FB26F9C005F16BF /* BottomPanelStreetcar.swift in Sources */ = {isa = PBXBuildFile; fileRef = 16ED065D1FB26F9C005F16BF /* BottomPanelStreetcar.swift */; };
		16F5E4B41FB377D300A26FFF /* ARCarMovement.swift in Sources */ = {isa = PBXBuildFile; fileRef = 16F5E4B31FB377D300A26FFF /* ARCarMovement.swift */; };
		4625DF4C816006D30543131A /* Pods_Seattle_Streetcar_Tracker.framework in Frameworks */ = {isa = PBXBuildFile; fileRef = 011866411302D464C5927E44 /* Pods_Seattle_Streetcar_Tracker.framework */; };
/* End PBXBuildFile section */

/* Begin PBXContainerItemProxy section */
		16906F271FAB9C5700A57E77 /* PBXContainerItemProxy */ = {
			isa = PBXContainerItemProxy;
			containerPortal = 16906F0A1FAB9C5600A57E77 /* Project object */;
			proxyType = 1;
			remoteGlobalIDString = 16906F111FAB9C5600A57E77;
			remoteInfo = "Seattle Streetcar Tracker";
		};
		16906F321FAB9C5700A57E77 /* PBXContainerItemProxy */ = {
			isa = PBXContainerItemProxy;
			containerPortal = 16906F0A1FAB9C5600A57E77 /* Project object */;
			proxyType = 1;
			remoteGlobalIDString = 16906F111FAB9C5600A57E77;
			remoteInfo = "Seattle Streetcar Tracker";
		};
/* End PBXContainerItemProxy section */

/* Begin PBXFileReference section */
		011866411302D464C5927E44 /* Pods_Seattle_Streetcar_Tracker.framework */ = {isa = PBXFileReference; explicitFileType = wrapper.framework; includeInIndex = 0; path = Pods_Seattle_Streetcar_Tracker.framework; sourceTree = BUILT_PRODUCTS_DIR; };
		16906F121FAB9C5600A57E77 /* Seattle Streetcar Tracker.app */ = {isa = PBXFileReference; explicitFileType = wrapper.application; includeInIndex = 0; path = "Seattle Streetcar Tracker.app"; sourceTree = BUILT_PRODUCTS_DIR; };
		16906F151FAB9C5600A57E77 /* AppDelegate.swift */ = {isa = PBXFileReference; lastKnownFileType = sourcecode.swift; path = AppDelegate.swift; sourceTree = "<group>"; };
		16906F171FAB9C5600A57E77 /* ViewController.swift */ = {isa = PBXFileReference; lastKnownFileType = sourcecode.swift; path = ViewController.swift; sourceTree = "<group>"; };
		16906F1A1FAB9C5600A57E77 /* Base */ = {isa = PBXFileReference; lastKnownFileType = file.storyboard; name = Base; path = Base.lproj/Main.storyboard; sourceTree = "<group>"; };
		16906F1C1FAB9C5600A57E77 /* Assets.xcassets */ = {isa = PBXFileReference; lastKnownFileType = folder.assetcatalog; path = Assets.xcassets; sourceTree = "<group>"; };
		16906F1F1FAB9C5600A57E77 /* Base */ = {isa = PBXFileReference; lastKnownFileType = file.storyboard; name = Base; path = Base.lproj/LaunchScreen.storyboard; sourceTree = "<group>"; };
		16906F211FAB9C5600A57E77 /* Info.plist */ = {isa = PBXFileReference; lastKnownFileType = text.plist.xml; path = Info.plist; sourceTree = "<group>"; };
		16906F261FAB9C5700A57E77 /* Seattle Streetcar TrackerTests.xctest */ = {isa = PBXFileReference; explicitFileType = wrapper.cfbundle; includeInIndex = 0; path = "Seattle Streetcar TrackerTests.xctest"; sourceTree = BUILT_PRODUCTS_DIR; };
		16906F2A1FAB9C5700A57E77 /* Seattle_Streetcar_TrackerTests.swift */ = {isa = PBXFileReference; lastKnownFileType = sourcecode.swift; path = Seattle_Streetcar_TrackerTests.swift; sourceTree = "<group>"; };
		16906F2C1FAB9C5700A57E77 /* Info.plist */ = {isa = PBXFileReference; lastKnownFileType = text.plist.xml; path = Info.plist; sourceTree = "<group>"; };
		16906F311FAB9C5700A57E77 /* Seattle Streetcar TrackerUITests.xctest */ = {isa = PBXFileReference; explicitFileType = wrapper.cfbundle; includeInIndex = 0; path = "Seattle Streetcar TrackerUITests.xctest"; sourceTree = BUILT_PRODUCTS_DIR; };
		16906F351FAB9C5700A57E77 /* Seattle_Streetcar_TrackerUITests.swift */ = {isa = PBXFileReference; lastKnownFileType = sourcecode.swift; path = Seattle_Streetcar_TrackerUITests.swift; sourceTree = "<group>"; };
		16906F371FAB9C5700A57E77 /* Info.plist */ = {isa = PBXFileReference; lastKnownFileType = text.plist.xml; path = Info.plist; sourceTree = "<group>"; };
		16906F431FABD7ED00A57E77 /* Streetcar.swift */ = {isa = PBXFileReference; lastKnownFileType = sourcecode.swift; path = Streetcar.swift; sourceTree = "<group>"; };
		16906F451FABDF6700A57E77 /* Streetcars.swift */ = {isa = PBXFileReference; lastKnownFileType = sourcecode.swift; path = Streetcars.swift; sourceTree = "<group>"; };
		16906F471FACC10F00A57E77 /* Stop.swift */ = {isa = PBXFileReference; lastKnownFileType = sourcecode.swift; path = Stop.swift; sourceTree = "<group>"; };
		16906F4A1FACC87200A57E77 /* SwiftyJSON.framework */ = {isa = PBXFileReference; explicitFileType = wrapper.framework; path = SwiftyJSON.framework; sourceTree = BUILT_PRODUCTS_DIR; };
		16AF83521FB0D10100D80710 /* MarkerData.swift */ = {isa = PBXFileReference; lastKnownFileType = sourcecode.swift; path = MarkerData.swift; sourceTree = "<group>"; };
		16ED065B1FB24823005F16BF /* BottomPanelStop.swift */ = {isa = PBXFileReference; lastKnownFileType = sourcecode.swift; path = BottomPanelStop.swift; sourceTree = "<group>"; };
		16ED065D1FB26F9C005F16BF /* BottomPanelStreetcar.swift */ = {isa = PBXFileReference; lastKnownFileType = sourcecode.swift; path = BottomPanelStreetcar.swift; sourceTree = "<group>"; };
		16F5E4B31FB377D300A26FFF /* ARCarMovement.swift */ = {isa = PBXFileReference; fileEncoding = 4; lastKnownFileType = sourcecode.swift; path = ARCarMovement.swift; sourceTree = "<group>"; };
		1E625298D88A95BAD4DB7B04 /* Pods-Seattle Streetcar Tracker.release.xcconfig */ = {isa = PBXFileReference; includeInIndex = 1; lastKnownFileType = text.xcconfig; name = "Pods-Seattle Streetcar Tracker.release.xcconfig"; path = "Pods/Target Support Files/Pods-Seattle Streetcar Tracker/Pods-Seattle Streetcar Tracker.release.xcconfig"; sourceTree = "<group>"; };
		208933F6243A76DAC50A1101 /* Pods-Seattle Streetcar Tracker.debug.xcconfig */ = {isa = PBXFileReference; includeInIndex = 1; lastKnownFileType = text.xcconfig; name = "Pods-Seattle Streetcar Tracker.debug.xcconfig"; path = "Pods/Target Support Files/Pods-Seattle Streetcar Tracker/Pods-Seattle Streetcar Tracker.debug.xcconfig"; sourceTree = "<group>"; };
/* End PBXFileReference section */

/* Begin PBXFrameworksBuildPhase section */
		16906F0F1FAB9C5600A57E77 /* Frameworks */ = {
			isa = PBXFrameworksBuildPhase;
			buildActionMask = 2147483647;
			files = (
				16906F491FACC87200A57E77 /* SwiftyJSON.framework in Frameworks */,
				4625DF4C816006D30543131A /* Pods_Seattle_Streetcar_Tracker.framework in Frameworks */,
			);
			runOnlyForDeploymentPostprocessing = 0;
		};
		16906F231FAB9C5700A57E77 /* Frameworks */ = {
			isa = PBXFrameworksBuildPhase;
			buildActionMask = 2147483647;
			files = (
			);
			runOnlyForDeploymentPostprocessing = 0;
		};
		16906F2E1FAB9C5700A57E77 /* Frameworks */ = {
			isa = PBXFrameworksBuildPhase;
			buildActionMask = 2147483647;
			files = (
			);
			runOnlyForDeploymentPostprocessing = 0;
		};
/* End PBXFrameworksBuildPhase section */

/* Begin PBXGroup section */
		16906F091FAB9C5600A57E77 = {
			isa = PBXGroup;
			children = (
				16906F141FAB9C5600A57E77 /* Seattle Streetcar Tracker */,
				16906F291FAB9C5700A57E77 /* Seattle Streetcar TrackerTests */,
				16906F341FAB9C5700A57E77 /* Seattle Streetcar TrackerUITests */,
				16906F131FAB9C5600A57E77 /* Products */,
				B2451BB45427141474EC7F75 /* Pods */,
				D3FE967245B212A5E167D4EB /* Frameworks */,
			);
			sourceTree = "<group>";
		};
		16906F131FAB9C5600A57E77 /* Products */ = {
			isa = PBXGroup;
			children = (
				16906F121FAB9C5600A57E77 /* Seattle Streetcar Tracker.app */,
				16906F261FAB9C5700A57E77 /* Seattle Streetcar TrackerTests.xctest */,
				16906F311FAB9C5700A57E77 /* Seattle Streetcar TrackerUITests.xctest */,
			);
			name = Products;
			sourceTree = "<group>";
		};
		16906F141FAB9C5600A57E77 /* Seattle Streetcar Tracker */ = {
			isa = PBXGroup;
			children = (
				16906F151FAB9C5600A57E77 /* AppDelegate.swift */,
				16F5E4B31FB377D300A26FFF /* ARCarMovement.swift */,
				16906F171FAB9C5600A57E77 /* ViewController.swift */,
				16906F191FAB9C5600A57E77 /* Main.storyboard */,
				16ED065B1FB24823005F16BF /* BottomPanelStop.swift */,
				16ED065D1FB26F9C005F16BF /* BottomPanelStreetcar.swift */,
				16906F1C1FAB9C5600A57E77 /* Assets.xcassets */,
				16906F1E1FAB9C5600A57E77 /* LaunchScreen.storyboard */,
				16906F211FAB9C5600A57E77 /* Info.plist */,
				16906F431FABD7ED00A57E77 /* Streetcar.swift */,
				16906F451FABDF6700A57E77 /* Streetcars.swift */,
				16906F471FACC10F00A57E77 /* Stop.swift */,
				16AF83521FB0D10100D80710 /* MarkerData.swift */,
			);
			path = "Seattle Streetcar Tracker";
			sourceTree = "<group>";
		};
		16906F291FAB9C5700A57E77 /* Seattle Streetcar TrackerTests */ = {
			isa = PBXGroup;
			children = (
				16906F2A1FAB9C5700A57E77 /* Seattle_Streetcar_TrackerTests.swift */,
				16906F2C1FAB9C5700A57E77 /* Info.plist */,
			);
			path = "Seattle Streetcar TrackerTests";
			sourceTree = "<group>";
		};
		16906F341FAB9C5700A57E77 /* Seattle Streetcar TrackerUITests */ = {
			isa = PBXGroup;
			children = (
				16906F351FAB9C5700A57E77 /* Seattle_Streetcar_TrackerUITests.swift */,
				16906F371FAB9C5700A57E77 /* Info.plist */,
			);
			path = "Seattle Streetcar TrackerUITests";
			sourceTree = "<group>";
		};
		B2451BB45427141474EC7F75 /* Pods */ = {
			isa = PBXGroup;
			children = (
				208933F6243A76DAC50A1101 /* Pods-Seattle Streetcar Tracker.debug.xcconfig */,
				1E625298D88A95BAD4DB7B04 /* Pods-Seattle Streetcar Tracker.release.xcconfig */,
			);
			name = Pods;
			sourceTree = "<group>";
		};
		D3FE967245B212A5E167D4EB /* Frameworks */ = {
			isa = PBXGroup;
			children = (
				16906F4A1FACC87200A57E77 /* SwiftyJSON.framework */,
				011866411302D464C5927E44 /* Pods_Seattle_Streetcar_Tracker.framework */,
			);
			name = Frameworks;
			sourceTree = "<group>";
		};
/* End PBXGroup section */

/* Begin PBXNativeTarget section */
		16906F111FAB9C5600A57E77 /* Seattle Streetcar Tracker */ = {
			isa = PBXNativeTarget;
			buildConfigurationList = 16906F3A1FAB9C5700A57E77 /* Build configuration list for PBXNativeTarget "Seattle Streetcar Tracker" */;
			buildPhases = (
				391A6FDBEA20A581A1E1F908 /* [CP] Check Pods Manifest.lock */,
				16906F0E1FAB9C5600A57E77 /* Sources */,
				16906F0F1FAB9C5600A57E77 /* Frameworks */,
				16906F101FAB9C5600A57E77 /* Resources */,
				B0F8BB4928C3844812470931 /* [CP] Embed Pods Frameworks */,
				2156967120B50D03AAAAF772 /* [CP] Copy Pods Resources */,
			);
			buildRules = (
			);
			dependencies = (
			);
			name = "Seattle Streetcar Tracker";
			productName = "Seattle Streetcar Tracker";
			productReference = 16906F121FAB9C5600A57E77 /* Seattle Streetcar Tracker.app */;
			productType = "com.apple.product-type.application";
		};
		16906F251FAB9C5700A57E77 /* Seattle Streetcar TrackerTests */ = {
			isa = PBXNativeTarget;
			buildConfigurationList = 16906F3D1FAB9C5700A57E77 /* Build configuration list for PBXNativeTarget "Seattle Streetcar TrackerTests" */;
			buildPhases = (
				16906F221FAB9C5700A57E77 /* Sources */,
				16906F231FAB9C5700A57E77 /* Frameworks */,
				16906F241FAB9C5700A57E77 /* Resources */,
			);
			buildRules = (
			);
			dependencies = (
				16906F281FAB9C5700A57E77 /* PBXTargetDependency */,
			);
			name = "Seattle Streetcar TrackerTests";
			productName = "Seattle Streetcar TrackerTests";
			productReference = 16906F261FAB9C5700A57E77 /* Seattle Streetcar TrackerTests.xctest */;
			productType = "com.apple.product-type.bundle.unit-test";
		};
		16906F301FAB9C5700A57E77 /* Seattle Streetcar TrackerUITests */ = {
			isa = PBXNativeTarget;
			buildConfigurationList = 16906F401FAB9C5700A57E77 /* Build configuration list for PBXNativeTarget "Seattle Streetcar TrackerUITests" */;
			buildPhases = (
				16906F2D1FAB9C5700A57E77 /* Sources */,
				16906F2E1FAB9C5700A57E77 /* Frameworks */,
				16906F2F1FAB9C5700A57E77 /* Resources */,
			);
			buildRules = (
			);
			dependencies = (
				16906F331FAB9C5700A57E77 /* PBXTargetDependency */,
			);
			name = "Seattle Streetcar TrackerUITests";
			productName = "Seattle Streetcar TrackerUITests";
			productReference = 16906F311FAB9C5700A57E77 /* Seattle Streetcar TrackerUITests.xctest */;
			productType = "com.apple.product-type.bundle.ui-testing";
		};
/* End PBXNativeTarget section */

/* Begin PBXProject section */
		16906F0A1FAB9C5600A57E77 /* Project object */ = {
			isa = PBXProject;
			attributes = {
				LastSwiftUpdateCheck = 0910;
				LastUpgradeCheck = 0910;
				ORGANIZATIONNAME = "Jacob Ulrich";
				TargetAttributes = {
					16906F111FAB9C5600A57E77 = {
						CreatedOnToolsVersion = 9.1;
						ProvisioningStyle = Automatic;
					};
					16906F251FAB9C5700A57E77 = {
						CreatedOnToolsVersion = 9.1;
						ProvisioningStyle = Automatic;
						TestTargetID = 16906F111FAB9C5600A57E77;
					};
					16906F301FAB9C5700A57E77 = {
						CreatedOnToolsVersion = 9.1;
						ProvisioningStyle = Automatic;
						TestTargetID = 16906F111FAB9C5600A57E77;
					};
				};
			};
			buildConfigurationList = 16906F0D1FAB9C5600A57E77 /* Build configuration list for PBXProject "Seattle Streetcar Tracker" */;
			compatibilityVersion = "Xcode 8.0";
			developmentRegion = en;
			hasScannedForEncodings = 0;
			knownRegions = (
				en,
				Base,
			);
			mainGroup = 16906F091FAB9C5600A57E77;
			productRefGroup = 16906F131FAB9C5600A57E77 /* Products */;
			projectDirPath = "";
			projectRoot = "";
			targets = (
				16906F111FAB9C5600A57E77 /* Seattle Streetcar Tracker */,
				16906F251FAB9C5700A57E77 /* Seattle Streetcar TrackerTests */,
				16906F301FAB9C5700A57E77 /* Seattle Streetcar TrackerUITests */,
			);
		};
/* End PBXProject section */

/* Begin PBXResourcesBuildPhase section */
		16906F101FAB9C5600A57E77 /* Resources */ = {
			isa = PBXResourcesBuildPhase;
			buildActionMask = 2147483647;
			files = (
				16906F201FAB9C5600A57E77 /* LaunchScreen.storyboard in Resources */,
				16906F1D1FAB9C5600A57E77 /* Assets.xcassets in Resources */,
				16906F1B1FAB9C5600A57E77 /* Main.storyboard in Resources */,
			);
			runOnlyForDeploymentPostprocessing = 0;
		};
		16906F241FAB9C5700A57E77 /* Resources */ = {
			isa = PBXResourcesBuildPhase;
			buildActionMask = 2147483647;
			files = (
			);
			runOnlyForDeploymentPostprocessing = 0;
		};
		16906F2F1FAB9C5700A57E77 /* Resources */ = {
			isa = PBXResourcesBuildPhase;
			buildActionMask = 2147483647;
			files = (
			);
			runOnlyForDeploymentPostprocessing = 0;
		};
/* End PBXResourcesBuildPhase section */

/* Begin PBXShellScriptBuildPhase section */
		2156967120B50D03AAAAF772 /* [CP] Copy Pods Resources */ = {
			isa = PBXShellScriptBuildPhase;
			buildActionMask = 2147483647;
			files = (
			);
			inputPaths = (
				"${SRCROOT}/Pods/Target Support Files/Pods-Seattle Streetcar Tracker/Pods-Seattle Streetcar Tracker-resources.sh",
				"${PODS_ROOT}/GoogleMaps/Maps/Frameworks/GoogleMaps.framework/Resources/GoogleMaps.bundle",
			);
			name = "[CP] Copy Pods Resources";
			outputPaths = (
				"${TARGET_BUILD_DIR}/${UNLOCALIZED_RESOURCES_FOLDER_PATH}",
			);
			runOnlyForDeploymentPostprocessing = 0;
			shellPath = /bin/sh;
			shellScript = "\"${SRCROOT}/Pods/Target Support Files/Pods-Seattle Streetcar Tracker/Pods-Seattle Streetcar Tracker-resources.sh\"\n";
			showEnvVarsInLog = 0;
		};
		391A6FDBEA20A581A1E1F908 /* [CP] Check Pods Manifest.lock */ = {
			isa = PBXShellScriptBuildPhase;
			buildActionMask = 2147483647;
			files = (
			);
			inputPaths = (
				"${PODS_PODFILE_DIR_PATH}/Podfile.lock",
				"${PODS_ROOT}/Manifest.lock",
			);
			name = "[CP] Check Pods Manifest.lock";
			outputPaths = (
				"$(DERIVED_FILE_DIR)/Pods-Seattle Streetcar Tracker-checkManifestLockResult.txt",
			);
			runOnlyForDeploymentPostprocessing = 0;
			shellPath = /bin/sh;
			shellScript = "diff \"${PODS_PODFILE_DIR_PATH}/Podfile.lock\" \"${PODS_ROOT}/Manifest.lock\" > /dev/null\nif [ $? != 0 ] ; then\n    # print error to STDERR\n    echo \"error: The sandbox is not in sync with the Podfile.lock. Run 'pod install' or update your CocoaPods installation.\" >&2\n    exit 1\nfi\n# This output is used by Xcode 'outputs' to avoid re-running this script phase.\necho \"SUCCESS\" > \"${SCRIPT_OUTPUT_FILE_0}\"\n";
			showEnvVarsInLog = 0;
		};
		B0F8BB4928C3844812470931 /* [CP] Embed Pods Frameworks */ = {
			isa = PBXShellScriptBuildPhase;
			buildActionMask = 2147483647;
			files = (
			);
			inputPaths = (
				"${SRCROOT}/Pods/Target Support Files/Pods-Seattle Streetcar Tracker/Pods-Seattle Streetcar Tracker-frameworks.sh",
				"${BUILT_PRODUCTS_DIR}/SwiftyJSON/SwiftyJSON.framework",
			);
			name = "[CP] Embed Pods Frameworks";
			outputPaths = (
				"${TARGET_BUILD_DIR}/${FRAMEWORKS_FOLDER_PATH}/SwiftyJSON.framework",
			);
			runOnlyForDeploymentPostprocessing = 0;
			shellPath = /bin/sh;
			shellScript = "\"${SRCROOT}/Pods/Target Support Files/Pods-Seattle Streetcar Tracker/Pods-Seattle Streetcar Tracker-frameworks.sh\"\n";
			showEnvVarsInLog = 0;
		};
/* End PBXShellScriptBuildPhase section */

/* Begin PBXSourcesBuildPhase section */
		16906F0E1FAB9C5600A57E77 /* Sources */ = {
			isa = PBXSourcesBuildPhase;
			buildActionMask = 2147483647;
			files = (
				16AF83531FB0D10100D80710 /* MarkerData.swift in Sources */,
				16ED065C1FB24823005F16BF /* BottomPanelStop.swift in Sources */,
				16F5E4B41FB377D300A26FFF /* ARCarMovement.swift in Sources */,
				16ED065E1FB26F9C005F16BF /* BottomPanelStreetcar.swift in Sources */,
				16906F441FABD7ED00A57E77 /* Streetcar.swift in Sources */,
				16906F181FAB9C5600A57E77 /* ViewController.swift in Sources */,
				16906F481FACC10F00A57E77 /* Stop.swift in Sources */,
				16906F161FAB9C5600A57E77 /* AppDelegate.swift in Sources */,
				16906F461FABDF6700A57E77 /* Streetcars.swift in Sources */,
			);
			runOnlyForDeploymentPostprocessing = 0;
		};
		16906F221FAB9C5700A57E77 /* Sources */ = {
			isa = PBXSourcesBuildPhase;
			buildActionMask = 2147483647;
			files = (
				16906F2B1FAB9C5700A57E77 /* Seattle_Streetcar_TrackerTests.swift in Sources */,
			);
			runOnlyForDeploymentPostprocessing = 0;
		};
		16906F2D1FAB9C5700A57E77 /* Sources */ = {
			isa = PBXSourcesBuildPhase;
			buildActionMask = 2147483647;
			files = (
				16906F361FAB9C5700A57E77 /* Seattle_Streetcar_TrackerUITests.swift in Sources */,
			);
			runOnlyForDeploymentPostprocessing = 0;
		};
/* End PBXSourcesBuildPhase section */

/* Begin PBXTargetDependency section */
		16906F281FAB9C5700A57E77 /* PBXTargetDependency */ = {
			isa = PBXTargetDependency;
			target = 16906F111FAB9C5600A57E77 /* Seattle Streetcar Tracker */;
			targetProxy = 16906F271FAB9C5700A57E77 /* PBXContainerItemProxy */;
		};
		16906F331FAB9C5700A57E77 /* PBXTargetDependency */ = {
			isa = PBXTargetDependency;
			target = 16906F111FAB9C5600A57E77 /* Seattle Streetcar Tracker */;
			targetProxy = 16906F321FAB9C5700A57E77 /* PBXContainerItemProxy */;
		};
/* End PBXTargetDependency section */

/* Begin PBXVariantGroup section */
		16906F191FAB9C5600A57E77 /* Main.storyboard */ = {
			isa = PBXVariantGroup;
			children = (
				16906F1A1FAB9C5600A57E77 /* Base */,
			);
			name = Main.storyboard;
			sourceTree = "<group>";
		};
		16906F1E1FAB9C5600A57E77 /* LaunchScreen.storyboard */ = {
			isa = PBXVariantGroup;
			children = (
				16906F1F1FAB9C5600A57E77 /* Base */,
			);
			name = LaunchScreen.storyboard;
			sourceTree = "<group>";
		};
/* End PBXVariantGroup section */

/* Begin XCBuildConfiguration section */
		16906F381FAB9C5700A57E77 /* Debug */ = {
			isa = XCBuildConfiguration;
			buildSettings = {
				ALWAYS_SEARCH_USER_PATHS = NO;
				CLANG_ANALYZER_NONNULL = YES;
				CLANG_ANALYZER_NUMBER_OBJECT_CONVERSION = YES_AGGRESSIVE;
				CLANG_CXX_LANGUAGE_STANDARD = "gnu++14";
				CLANG_CXX_LIBRARY = "libc++";
				CLANG_ENABLE_MODULES = YES;
				CLANG_ENABLE_OBJC_ARC = YES;
				CLANG_WARN_BLOCK_CAPTURE_AUTORELEASING = YES;
				CLANG_WARN_BOOL_CONVERSION = YES;
				CLANG_WARN_COMMA = YES;
				CLANG_WARN_CONSTANT_CONVERSION = YES;
				CLANG_WARN_DIRECT_OBJC_ISA_USAGE = YES_ERROR;
				CLANG_WARN_DOCUMENTATION_COMMENTS = YES;
				CLANG_WARN_EMPTY_BODY = YES;
				CLANG_WARN_ENUM_CONVERSION = YES;
				CLANG_WARN_INFINITE_RECURSION = YES;
				CLANG_WARN_INT_CONVERSION = YES;
				CLANG_WARN_NON_LITERAL_NULL_CONVERSION = YES;
				CLANG_WARN_OBJC_LITERAL_CONVERSION = YES;
				CLANG_WARN_OBJC_ROOT_CLASS = YES_ERROR;
				CLANG_WARN_RANGE_LOOP_ANALYSIS = YES;
				CLANG_WARN_STRICT_PROTOTYPES = YES;
				CLANG_WARN_SUSPICIOUS_MOVE = YES;
				CLANG_WARN_UNGUARDED_AVAILABILITY = YES_AGGRESSIVE;
				CLANG_WARN_UNREACHABLE_CODE = YES;
				CLANG_WARN__DUPLICATE_METHOD_MATCH = YES;
				CODE_SIGN_IDENTITY = "iPhone Developer";
				COPY_PHASE_STRIP = NO;
				DEBUG_INFORMATION_FORMAT = dwarf;
				ENABLE_STRICT_OBJC_MSGSEND = YES;
				ENABLE_TESTABILITY = YES;
				GCC_C_LANGUAGE_STANDARD = gnu11;
				GCC_DYNAMIC_NO_PIC = NO;
				GCC_NO_COMMON_BLOCKS = YES;
				GCC_OPTIMIZATION_LEVEL = 0;
				GCC_PREPROCESSOR_DEFINITIONS = (
					"DEBUG=1",
					"$(inherited)",
				);
				GCC_WARN_64_TO_32_BIT_CONVERSION = YES;
				GCC_WARN_ABOUT_RETURN_TYPE = YES_ERROR;
				GCC_WARN_UNDECLARED_SELECTOR = YES;
				GCC_WARN_UNINITIALIZED_AUTOS = YES_AGGRESSIVE;
				GCC_WARN_UNUSED_FUNCTION = YES;
				GCC_WARN_UNUSED_VARIABLE = YES;
				IPHONEOS_DEPLOYMENT_TARGET = 11.1;
				MTL_ENABLE_DEBUG_INFO = YES;
				ONLY_ACTIVE_ARCH = YES;
				SDKROOT = iphoneos;
				SWIFT_ACTIVE_COMPILATION_CONDITIONS = DEBUG;
				SWIFT_OPTIMIZATION_LEVEL = "-Onone";
			};
			name = Debug;
		};
		16906F391FAB9C5700A57E77 /* Release */ = {
			isa = XCBuildConfiguration;
			buildSettings = {
				ALWAYS_SEARCH_USER_PATHS = NO;
				CLANG_ANALYZER_NONNULL = YES;
				CLANG_ANALYZER_NUMBER_OBJECT_CONVERSION = YES_AGGRESSIVE;
				CLANG_CXX_LANGUAGE_STANDARD = "gnu++14";
				CLANG_CXX_LIBRARY = "libc++";
				CLANG_ENABLE_MODULES = YES;
				CLANG_ENABLE_OBJC_ARC = YES;
				CLANG_WARN_BLOCK_CAPTURE_AUTORELEASING = YES;
				CLANG_WARN_BOOL_CONVERSION = YES;
				CLANG_WARN_COMMA = YES;
				CLANG_WARN_CONSTANT_CONVERSION = YES;
				CLANG_WARN_DIRECT_OBJC_ISA_USAGE = YES_ERROR;
				CLANG_WARN_DOCUMENTATION_COMMENTS = YES;
				CLANG_WARN_EMPTY_BODY = YES;
				CLANG_WARN_ENUM_CONVERSION = YES;
				CLANG_WARN_INFINITE_RECURSION = YES;
				CLANG_WARN_INT_CONVERSION = YES;
				CLANG_WARN_NON_LITERAL_NULL_CONVERSION = YES;
				CLANG_WARN_OBJC_LITERAL_CONVERSION = YES;
				CLANG_WARN_OBJC_ROOT_CLASS = YES_ERROR;
				CLANG_WARN_RANGE_LOOP_ANALYSIS = YES;
				CLANG_WARN_STRICT_PROTOTYPES = YES;
				CLANG_WARN_SUSPICIOUS_MOVE = YES;
				CLANG_WARN_UNGUARDED_AVAILABILITY = YES_AGGRESSIVE;
				CLANG_WARN_UNREACHABLE_CODE = YES;
				CLANG_WARN__DUPLICATE_METHOD_MATCH = YES;
				CODE_SIGN_IDENTITY = "iPhone Developer";
				COPY_PHASE_STRIP = NO;
				DEBUG_INFORMATION_FORMAT = "dwarf-with-dsym";
				ENABLE_NS_ASSERTIONS = NO;
				ENABLE_STRICT_OBJC_MSGSEND = YES;
				GCC_C_LANGUAGE_STANDARD = gnu11;
				GCC_NO_COMMON_BLOCKS = YES;
				GCC_WARN_64_TO_32_BIT_CONVERSION = YES;
				GCC_WARN_ABOUT_RETURN_TYPE = YES_ERROR;
				GCC_WARN_UNDECLARED_SELECTOR = YES;
				GCC_WARN_UNINITIALIZED_AUTOS = YES_AGGRESSIVE;
				GCC_WARN_UNUSED_FUNCTION = YES;
				GCC_WARN_UNUSED_VARIABLE = YES;
				IPHONEOS_DEPLOYMENT_TARGET = 11.1;
				MTL_ENABLE_DEBUG_INFO = NO;
				SDKROOT = iphoneos;
				SWIFT_OPTIMIZATION_LEVEL = "-Owholemodule";
				VALIDATE_PRODUCT = YES;
			};
			name = Release;
		};
		16906F3B1FAB9C5700A57E77 /* Debug */ = {
			isa = XCBuildConfiguration;
			baseConfigurationReference = 208933F6243A76DAC50A1101 /* Pods-Seattle Streetcar Tracker.debug.xcconfig */;
			buildSettings = {
				ASSETCATALOG_COMPILER_APPICON_NAME = AppIcon;
				CODE_SIGN_STYLE = Automatic;
				DEVELOPMENT_TEAM = B8ELN7DC7Z;
				INFOPLIST_FILE = "Seattle Streetcar Tracker/Info.plist";
				IPHONEOS_DEPLOYMENT_TARGET = 11.1;
				LD_RUNPATH_SEARCH_PATHS = "$(inherited) @executable_path/Frameworks";
				PRODUCT_BUNDLE_IDENTIFIER = "sl.Seattle-Streetcar-Tracker";
				PRODUCT_NAME = "$(TARGET_NAME)";
				SWIFT_VERSION = 4.0;
				TARGETED_DEVICE_FAMILY = "1,2";
			};
			name = Debug;
		};
		16906F3C1FAB9C5700A57E77 /* Release */ = {
			isa = XCBuildConfiguration;
			baseConfigurationReference = 1E625298D88A95BAD4DB7B04 /* Pods-Seattle Streetcar Tracker.release.xcconfig */;
			buildSettings = {
				ASSETCATALOG_COMPILER_APPICON_NAME = AppIcon;
				CODE_SIGN_STYLE = Automatic;
				DEVELOPMENT_TEAM = B8ELN7DC7Z;
				INFOPLIST_FILE = "Seattle Streetcar Tracker/Info.plist";
				IPHONEOS_DEPLOYMENT_TARGET = 11.1;
				LD_RUNPATH_SEARCH_PATHS = "$(inherited) @executable_path/Frameworks";
				PRODUCT_BUNDLE_IDENTIFIER = "sl.Seattle-Streetcar-Tracker";
				PRODUCT_NAME = "$(TARGET_NAME)";
				SWIFT_VERSION = 4.0;
				TARGETED_DEVICE_FAMILY = "1,2";
			};
			name = Release;
		};
		16906F3E1FAB9C5700A57E77 /* Debug */ = {
			isa = XCBuildConfiguration;
			buildSettings = {
				ALWAYS_EMBED_SWIFT_STANDARD_LIBRARIES = YES;
				BUNDLE_LOADER = "$(TEST_HOST)";
				CODE_SIGN_STYLE = Automatic;
				INFOPLIST_FILE = "Seattle Streetcar TrackerTests/Info.plist";
				LD_RUNPATH_SEARCH_PATHS = "$(inherited) @executable_path/Frameworks @loader_path/Frameworks";
				PRODUCT_BUNDLE_IDENTIFIER = "sl.Seattle-Streetcar-TrackerTests";
				PRODUCT_NAME = "$(TARGET_NAME)";
				SWIFT_VERSION = 4.0;
				TARGETED_DEVICE_FAMILY = "1,2";
				TEST_HOST = "$(BUILT_PRODUCTS_DIR)/Seattle Streetcar Tracker.app/Seattle Streetcar Tracker";
			};
			name = Debug;
		};
		16906F3F1FAB9C5700A57E77 /* Release */ = {
			isa = XCBuildConfiguration;
			buildSettings = {
				ALWAYS_EMBED_SWIFT_STANDARD_LIBRARIES = YES;
				BUNDLE_LOADER = "$(TEST_HOST)";
				CODE_SIGN_STYLE = Automatic;
				INFOPLIST_FILE = "Seattle Streetcar TrackerTests/Info.plist";
				LD_RUNPATH_SEARCH_PATHS = "$(inherited) @executable_path/Frameworks @loader_path/Frameworks";
				PRODUCT_BUNDLE_IDENTIFIER = "sl.Seattle-Streetcar-TrackerTests";
				PRODUCT_NAME = "$(TARGET_NAME)";
				SWIFT_VERSION = 4.0;
				TARGETED_DEVICE_FAMILY = "1,2";
				TEST_HOST = "$(BUILT_PRODUCTS_DIR)/Seattle Streetcar Tracker.app/Seattle Streetcar Tracker";
			};
			name = Release;
		};
		16906F411FAB9C5700A57E77 /* Debug */ = {
			isa = XCBuildConfiguration;
			buildSettings = {
				ALWAYS_EMBED_SWIFT_STANDARD_LIBRARIES = YES;
				CODE_SIGN_STYLE = Automatic;
				INFOPLIST_FILE = "Seattle Streetcar TrackerUITests/Info.plist";
				LD_RUNPATH_SEARCH_PATHS = "$(inherited) @executable_path/Frameworks @loader_path/Frameworks";
				PRODUCT_BUNDLE_IDENTIFIER = "sl.Seattle-Streetcar-TrackerUITests";
				PRODUCT_NAME = "$(TARGET_NAME)";
				SWIFT_VERSION = 4.0;
				TARGETED_DEVICE_FAMILY = "1,2";
				TEST_TARGET_NAME = "Seattle Streetcar Tracker";
			};
			name = Debug;
		};
		16906F421FAB9C5700A57E77 /* Release */ = {
			isa = XCBuildConfiguration;
			buildSettings = {
				ALWAYS_EMBED_SWIFT_STANDARD_LIBRARIES = YES;
				CODE_SIGN_STYLE = Automatic;
				INFOPLIST_FILE = "Seattle Streetcar TrackerUITests/Info.plist";
				LD_RUNPATH_SEARCH_PATHS = "$(inherited) @executable_path/Frameworks @loader_path/Frameworks";
				PRODUCT_BUNDLE_IDENTIFIER = "sl.Seattle-Streetcar-TrackerUITests";
				PRODUCT_NAME = "$(TARGET_NAME)";
				SWIFT_VERSION = 4.0;
				TARGETED_DEVICE_FAMILY = "1,2";
				TEST_TARGET_NAME = "Seattle Streetcar Tracker";
			};
			name = Release;
		};
/* End XCBuildConfiguration section */

/* Begin XCConfigurationList section */
		16906F0D1FAB9C5600A57E77 /* Build configuration list for PBXProject "Seattle Streetcar Tracker" */ = {
			isa = XCConfigurationList;
			buildConfigurations = (
				16906F381FAB9C5700A57E77 /* Debug */,
				16906F391FAB9C5700A57E77 /* Release */,
			);
			defaultConfigurationIsVisible = 0;
			defaultConfigurationName = Release;
		};
		16906F3A1FAB9C5700A57E77 /* Build configuration list for PBXNativeTarget "Seattle Streetcar Tracker" */ = {
			isa = XCConfigurationList;
			buildConfigurations = (
				16906F3B1FAB9C5700A57E77 /* Debug */,
				16906F3C1FAB9C5700A57E77 /* Release */,
			);
			defaultConfigurationIsVisible = 0;
			defaultConfigurationName = Release;
		};
		16906F3D1FAB9C5700A57E77 /* Build configuration list for PBXNativeTarget "Seattle Streetcar TrackerTests" */ = {
			isa = XCConfigurationList;
			buildConfigurations = (
				16906F3E1FAB9C5700A57E77 /* Debug */,
				16906F3F1FAB9C5700A57E77 /* Release */,
			);
			defaultConfigurationIsVisible = 0;
			defaultConfigurationName = Release;
		};
		16906F401FAB9C5700A57E77 /* Build configuration list for PBXNativeTarget "Seattle Streetcar TrackerUITests" */ = {
			isa = XCConfigurationList;
			buildConfigurations = (
				16906F411FAB9C5700A57E77 /* Debug */,
				16906F421FAB9C5700A57E77 /* Release */,
			);
			defaultConfigurationIsVisible = 0;
			defaultConfigurationName = Release;
		};
/* End XCConfigurationList section */
	};
	rootObject = 16906F0A1FAB9C5600A57E77 /* Project object */;
}
